<?xml version="1.0" encoding="utf-8"?>
<Project ToolsVersion="17.0" xmlns="http://schemas.microsoft.com/developer/msbuild/2003">
  <ItemGroup>
    <CustomBuild Include="D:\Users\eigil\projects\juceProjs\AudioAnalyzer\rnnoise_build\CMakeFiles\153c3840dafe70e05afbc6d445649f70\generate.stamp.rule">
      <Filter>CMake Rules</Filter>
    </CustomBuild>
  </ItemGroup>
  <ItemGroup>
    <Filter Include="CMake Rules">
      <UniqueIdentifier>{96355149-05A4-3CEC-A46B-B52B18B384A6}</UniqueIdentifier>
    </Filter>
  </ItemGroup>
</Project>
