// !$*UTF8*$!
{
	archiveVersion = 1;
	classes = {
	};
	objectVersion = 46;
	objects = {

/* Begin PBXBuildFile section */
		0027A1FB3724D44234BE2822 /* UIKit.framework */ = {isa = PBXBuildFile; fileRef = CC799694D2D63BDC183F6745; };
		039C1DED77B09FDAA117CB31 /* cmp_frame.cpp */ = {isa = PBXBuildFile; fileRef = D99E5B85310E24E0A54AB005; };
		064AEC1ECCF063425044120A /* Metal.framework */ = {isa = PBXBuildFile; fileRef = C32EA77149D4C16436426934; settings = { ATTRIBUTES = (Weak, ); }; };
		0D34563965F7896CAA59E46B /* include_juce_gui_extra.mm */ = {isa = PBXBuildFile; fileRef = 3BAF2DCB96EB8EB6E29398AE; };
		0F3657058990FE719A35DF64 /* cmp_downsampler.cpp */ = {isa = PBXBuildFile; fileRef = EE59BF1B0E47C0579F1E4899; };
		247ADA14D13FEAA50F4B8939 /* include_juce_audio_processors.mm */ = {isa = PBXBuildFile; fileRef = A460E622974E67DD8E0585A0; };
		250A73960EA45AF52E00F758 /* include_juce_audio_formats.mm */ = {isa = PBXBuildFile; fileRef = B817FEA401A284A829AE62B9; };
		2AF3C1EBBC8FBCC42973F670 /* include_juce_core.mm */ = {isa = PBXBuildFile; fileRef = A0156BFC8CEF81F7BC3AB6AB; };
		2BA852EA5DC1933CC5078C1B /* Images.xcassets */ = {isa = PBXBuildFile; fileRef = DE9EC28CBFF42EF15ABB9515; };
		3215A3A74BF043330C9646A0 /* MainComponent.cpp */ = {isa = PBXBuildFile; fileRef = 5E9F55A6DB07575E238DC68E; };
		362AB1C094785FC22E2C10F3 /* AVFoundation.framework */ = {isa = PBXBuildFile; fileRef = A8808258B7B4D9E3B80A1ACD; };
		40164FB75A2FFEF2FC523C8F /* CoreImage.framework */ = {isa = PBXBuildFile; fileRef = 1F6DEBA3D334C921019196E9; };
		437172D22D872CFA01DA003B /* CoreGraphics.framework */ = {isa = PBXBuildFile; fileRef = 6F4576F7DF04882CA07F0C62; };
		44817DAC32580C668E559C46 /* UserNotifications.framework */ = {isa = PBXBuildFile; fileRef = B46B88439E26EC2C26145CDD; settings = { ATTRIBUTES = (Weak, ); }; };
		4A383AFCDB12719B1057B117 /* App */ = {isa = PBXBuildFile; fileRef = 1EC62940DD95CEA69CB97657; };
		4C35A10ED590E2403381D84B /* Accelerate.framework */ = {isa = PBXBuildFile; fileRef = 5156AFE0E879A53483250765; };
		4DCDDC66EF5058C5980556A9 /* SoundProcessorModule.cpp */ = {isa = PBXBuildFile; fileRef = 15E26AB519BF8B807C2920A8; };
		57DB922143FF08F3239DE63A /* cmp_plot.cpp */ = {isa = PBXBuildFile; fileRef = 2144D751B3A4EDB62BB628A7; };
		587F6AB01338EEEF5856B69D /* MetalKit.framework */ = {isa = PBXBuildFile; fileRef = 4317292D12A733D003C2C8E3; settings = { ATTRIBUTES = (Weak, ); }; };
		58C0369788EB174BF5FE6838 /* QuartzCore.framework */ = {isa = PBXBuildFile; fileRef = 83E19DE1B191E401845CB056; };
		59786E74C809F44ECEF4F471 /* include_juce_audio_devices.mm */ = {isa = PBXBuildFile; fileRef = 4757770FE3CBAD750DAB7C4A; };
		59A1AF6B19298915AC69E08A /* CoreMIDI.framework */ = {isa = PBXBuildFile; fileRef = 2D3DBFF266CEA49CA181D752; };
		5D81E4668F359A954034FA27 /* WebKit.framework */ = {isa = PBXBuildFile; fileRef = 4563594DD7973E62C6A8699D; };
		6F3B3123E13CD8E358042B9A /* include_juce_graphics.mm */ = {isa = PBXBuildFile; fileRef = 946C2DE9E64E21E3D14CF9D8; };
		6FC2F03760CB4D7D7608F491 /* AudioToolbox.framework */ = {isa = PBXBuildFile; fileRef = F800748F48D09FFCF38B69C4; };
		700B86B609C5EAA527BD7ED1 /* include_juce_audio_basics.mm */ = {isa = PBXBuildFile; fileRef = 257DF5B0F588E291BBED20C8; };
		744331A6CD820F7EAB6A58D1 /* CoreText.framework */ = {isa = PBXBuildFile; fileRef = D16530F8F2EB343C32109081; };
		7E4C7FC0959FC9E2CB745D42 /* cmp_graph_line.cpp */ = {isa = PBXBuildFile; fileRef = E32743BCB0246A7284C1A3BB; };
		84E851A40E2809A47EB0FA86 /* Main.cpp */ = {isa = PBXBuildFile; fileRef = 50D3B2DBEBC4D762C444DE4B; };
		86F57AA972C12D6164FC6916 /* include_juce_audio_processors_ara.cpp */ = {isa = PBXBuildFile; fileRef = 349032DBD43C28F182DE277D; };
		8720688F2E02628131AEA619 /* include_juce_audio_utils.mm */ = {isa = PBXBuildFile; fileRef = 781AEA24558CB50582053A51; };
		8AB69328F68C9E218D122ED7 /* cmp_graph_area.cpp */ = {isa = PBXBuildFile; fileRef = 36F4F56004E7C096FBC546FE; };
		8B9DA5D21DF0507ABEAECE6F /* CoreAudio.framework */ = {isa = PBXBuildFile; fileRef = 930BCC4849FBC2E75620E08E; };
		8EE10015FC39341BFF570359 /* cmp_label.cpp */ = {isa = PBXBuildFile; fileRef = 3777F08B0EF8D4A3C8EF82B0; };
		A4032E744816BBC741E301C8 /* include_juce_events.mm */ = {isa = PBXBuildFile; fileRef = B29B945DBA0FDA042BB65404; };
		A9CB5547AE07FD5090D4F978 /* cmp_trace.cpp */ = {isa = PBXBuildFile; fileRef = 6929E5D8CFBBB1C1B9FF6851; };
		B997916396E4CB72DEC3F313 /* cmp_grid.cpp */ = {isa = PBXBuildFile; fileRef = D3D3723D78D8593EA1A857C9; };
		BBF8F357D32D8D392574B780 /* cmp_legend.cpp */ = {isa = PBXBuildFile; fileRef = 88C0BE36CE7D396AE9922878; };
		BC9BE136ED3569603042210D /* include_juce_data_structures.mm */ = {isa = PBXBuildFile; fileRef = 3C5676D0F87D322CC8B534AC; };
		C0266C70A7B169ED278C9072 /* include_juce_audio_processors_lv2_libs.cpp */ = {isa = PBXBuildFile; fileRef = FCEA0228C2C24F009C8C3FDC; };
		C0598ACC9C3CCA966C5B1226 /* PlotModule.cpp */ = {isa = PBXBuildFile; fileRef = 9DB0A8597631E0CC265AADD2; };
		E7E2E63BA3FA401B3A45EE84 /* Foundation.framework */ = {isa = PBXBuildFile; fileRef = E64DB86ECAA9CA472D15217F; };
		EB3705D17BC2780A23DCE688 /* CoreServices.framework */ = {isa = PBXBuildFile; fileRef = 42C59B3E1ED2106615882898; };
		F261EA35741858AC6AF44648 /* include_juce_gui_basics.mm */ = {isa = PBXBuildFile; fileRef = D20701C1749C4A16F01AB9E6; };
		F61E63D0D98E6E074A4C9247 /* LaunchScreen.storyboard */ = {isa = PBXBuildFile; fileRef = C47230D88E27C6A864E4213D; };
		F65249FB1D515C5E89906F07 /* CoreAudioKit.framework */ = {isa = PBXBuildFile; fileRef = 84A46011AEA726F751F5717D; };
		FAF9BA379F5945CAB81C1D34 /* cmp_lookandfeel.cpp */ = {isa = PBXBuildFile; fileRef = CF9BD0E31CE9CEDF74FC0E25; };
/* End PBXBuildFile section */

/* Begin PBXFileReference section */
		06FBD50FFD609B219ACBFA02 /* cmp_downsampler.h */ /* cmp_downsampler.h */ = {isa = PBXFileReference; lastKnownFileType = sourcecode.c.h; name = cmp_downsampler.h; path = ../../Source/cmp_downsampler.h; sourceTree = SOURCE_ROOT; };
		0E63EC310BB28869E402959F /* example_utils.h */ /* example_utils.h */ = {isa = PBXFileReference; lastKnownFileType = sourcecode.c.h; name = example_utils.h; path = ../../Source/example_utils.h; sourceTree = SOURCE_ROOT; };
		11216B5E3EB6ECDAF0A17011 /* cmp_graph_area.h */ /* cmp_graph_area.h */ = {isa = PBXFileReference; lastKnownFileType = sourcecode.c.h; name = cmp_graph_area.h; path = ../../Source/cmp_graph_area.h; sourceTree = SOURCE_ROOT; };
		15E26AB519BF8B807C2920A8 /* SoundProcessorModule.cpp */ /* SoundProcessorModule.cpp */ = {isa = PBXFileReference; lastKnownFileType = sourcecode.cpp.cpp; name = SoundProcessorModule.cpp; path = ../../Source/SoundProcessorModule.cpp; sourceTree = SOURCE_ROOT; };
		1799469BB38E82321C7D00AF /* JuceHeader.h */ /* JuceHeader.h */ = {isa = PBXFileReference; lastKnownFileType = sourcecode.c.h; name = JuceHeader.h; path = ../../JuceLibraryCode/JuceHeader.h; sourceTree = SOURCE_ROOT; };
		1800FB68DEBB290140DFC0DD /* package.h */ /* package.h */ = {isa = PBXFileReference; lastKnownFileType = sourcecode.c.h; name = package.h; path = ../../Source/package.h; sourceTree = SOURCE_ROOT; };
		196C799FFE783F2BBEA8F6E3 /* cmp_lookandfeel.h */ /* cmp_lookandfeel.h */ = {isa = PBXFileReference; lastKnownFileType = sourcecode.c.h; name = cmp_lookandfeel.h; path = ../../Source/cmp_lookandfeel.h; sourceTree = SOURCE_ROOT; };
		1EC62940DD95CEA69CB97657 /* App */ = {isa = PBXFileReference; explicitFileType = wrapper.application; includeInIndex = 0; path = AudioAnalyzer.app; sourceTree = BUILT_PRODUCTS_DIR; };
		1F6DEBA3D334C921019196E9 /* CoreImage.framework */ /* CoreImage.framework */ = {isa = PBXFileReference; lastKnownFileType = wrapper.framework; name = CoreImage.framework; path = System/Library/Frameworks/CoreImage.framework; sourceTree = SDKROOT; };
		2144D751B3A4EDB62BB628A7 /* cmp_plot.cpp */ /* cmp_plot.cpp */ = {isa = PBXFileReference; lastKnownFileType = sourcecode.cpp.cpp; name = cmp_plot.cpp; path = ../../Source/cmp_plot.cpp; sourceTree = SOURCE_ROOT; };
		2500C1BA32113DCB23091C0C /* cmp_utils.h */ /* cmp_utils.h */ = {isa = PBXFileReference; lastKnownFileType = sourcecode.c.h; name = cmp_utils.h; path = ../../Source/cmp_utils.h; sourceTree = SOURCE_ROOT; };
		257DF5B0F588E291BBED20C8 /* include_juce_audio_basics.mm */ /* include_juce_audio_basics.mm */ = {isa = PBXFileReference; lastKnownFileType = sourcecode.cpp.objcpp; name = include_juce_audio_basics.mm; path = ../../JuceLibraryCode/include_juce_audio_basics.mm; sourceTree = SOURCE_ROOT; };
		2D3DBFF266CEA49CA181D752 /* CoreMIDI.framework */ /* CoreMIDI.framework */ = {isa = PBXFileReference; lastKnownFileType = wrapper.framework; name = CoreMIDI.framework; path = System/Library/Frameworks/CoreMIDI.framework; sourceTree = SDKROOT; };
		31EFC1841B17D27F7D6C1E7B /* cmp_plot.h */ /* cmp_plot.h */ = {isa = PBXFileReference; lastKnownFileType = sourcecode.c.h; name = cmp_plot.h; path = ../../Source/cmp_plot.h; sourceTree = SOURCE_ROOT; };
		349032DBD43C28F182DE277D /* include_juce_audio_processors_ara.cpp */ /* include_juce_audio_processors_ara.cpp */ = {isa = PBXFileReference; lastKnownFileType = sourcecode.cpp.cpp; name = include_juce_audio_processors_ara.cpp; path = ../../JuceLibraryCode/include_juce_audio_processors_ara.cpp; sourceTree = SOURCE_ROOT; };
		35E950EA8A13E4F5E2EAC46C /* cmp_grid.h */ /* cmp_grid.h */ = {isa = PBXFileReference; lastKnownFileType = sourcecode.c.h; name = cmp_grid.h; path = ../../Source/cmp_grid.h; sourceTree = SOURCE_ROOT; };
		36F4F56004E7C096FBC546FE /* cmp_graph_area.cpp */ /* cmp_graph_area.cpp */ = {isa = PBXFileReference; lastKnownFileType = sourcecode.cpp.cpp; name = cmp_graph_area.cpp; path = ../../Source/cmp_graph_area.cpp; sourceTree = SOURCE_ROOT; };
		3777F08B0EF8D4A3C8EF82B0 /* cmp_label.cpp */ /* cmp_label.cpp */ = {isa = PBXFileReference; lastKnownFileType = sourcecode.cpp.cpp; name = cmp_label.cpp; path = ../../Source/cmp_label.cpp; sourceTree = SOURCE_ROOT; };
		3916F85AC8B00CA49B36218C /* cmp_label.h */ /* cmp_label.h */ = {isa = PBXFileReference; lastKnownFileType = sourcecode.c.h; name = cmp_label.h; path = ../../Source/cmp_label.h; sourceTree = SOURCE_ROOT; };
		3BAF2DCB96EB8EB6E29398AE /* include_juce_gui_extra.mm */ /* include_juce_gui_extra.mm */ = {isa = PBXFileReference; lastKnownFileType = sourcecode.cpp.objcpp; name = include_juce_gui_extra.mm; path = ../../JuceLibraryCode/include_juce_gui_extra.mm; sourceTree = SOURCE_ROOT; };
		3C5676D0F87D322CC8B534AC /* include_juce_data_structures.mm */ /* include_juce_data_structures.mm */ = {isa = PBXFileReference; lastKnownFileType = sourcecode.cpp.objcpp; name = include_juce_data_structures.mm; path = ../../JuceLibraryCode/include_juce_data_structures.mm; sourceTree = SOURCE_ROOT; };
		3DC0B4543FC79FCF54F43478 /* cmp_legend.h */ /* cmp_legend.h */ = {isa = PBXFileReference; lastKnownFileType = sourcecode.c.h; name = cmp_legend.h; path = ../../Source/cmp_legend.h; sourceTree = SOURCE_ROOT; };
		41FF8B5B04BF5F0E2BD5418A /* cmp_version.h */ /* cmp_version.h */ = {isa = PBXFileReference; lastKnownFileType = sourcecode.c.h; name = cmp_version.h; path = ../../Source/cmp_version.h; sourceTree = SOURCE_ROOT; };
		42B82D20F91B2679F9D673DC /* MainComponent.h */ /* MainComponent.h */ = {isa = PBXFileReference; lastKnownFileType = sourcecode.c.h; name = MainComponent.h; path = ../../Source/MainComponent.h; sourceTree = SOURCE_ROOT; };
		42C59B3E1ED2106615882898 /* CoreServices.framework */ /* CoreServices.framework */ = {isa = PBXFileReference; lastKnownFileType = wrapper.framework; name = CoreServices.framework; path = System/Library/Frameworks/CoreServices.framework; sourceTree = SDKROOT; };
		4317292D12A733D003C2C8E3 /* MetalKit.framework */ /* MetalKit.framework */ = {isa = PBXFileReference; lastKnownFileType = wrapper.framework; name = MetalKit.framework; path = System/Library/Frameworks/MetalKit.framework; sourceTree = SDKROOT; };
		4563594DD7973E62C6A8699D /* WebKit.framework */ /* WebKit.framework */ = {isa = PBXFileReference; lastKnownFileType = wrapper.framework; name = WebKit.framework; path = System/Library/Frameworks/WebKit.framework; sourceTree = SDKROOT; };
		4740477F31C83594E4A4FD26 /* cmp_datamodels.h */ /* cmp_datamodels.h */ = {isa = PBXFileReference; lastKnownFileType = sourcecode.c.h; name = cmp_datamodels.h; path = ../../Source/cmp_datamodels.h; sourceTree = SOURCE_ROOT; };
		4757770FE3CBAD750DAB7C4A /* include_juce_audio_devices.mm */ /* include_juce_audio_devices.mm */ = {isa = PBXFileReference; lastKnownFileType = sourcecode.cpp.objcpp; name = include_juce_audio_devices.mm; path = ../../JuceLibraryCode/include_juce_audio_devices.mm; sourceTree = SOURCE_ROOT; };
		50D3B2DBEBC4D762C444DE4B /* Main.cpp */ /* Main.cpp */ = {isa = PBXFileReference; lastKnownFileType = sourcecode.cpp.cpp; name = Main.cpp; path = ../../Source/Main.cpp; sourceTree = SOURCE_ROOT; };
		5156AFE0E879A53483250765 /* Accelerate.framework */ /* Accelerate.framework */ = {isa = PBXFileReference; lastKnownFileType = wrapper.framework; name = Accelerate.framework; path = System/Library/Frameworks/Accelerate.framework; sourceTree = SDKROOT; };
		5E9F55A6DB07575E238DC68E /* MainComponent.cpp */ /* MainComponent.cpp */ = {isa = PBXFileReference; lastKnownFileType = sourcecode.cpp.cpp; name = MainComponent.cpp; path = ../../Source/MainComponent.cpp; sourceTree = SOURCE_ROOT; };
		6929E5D8CFBBB1C1B9FF6851 /* cmp_trace.cpp */ /* cmp_trace.cpp */ = {isa = PBXFileReference; lastKnownFileType = sourcecode.cpp.cpp; name = cmp_trace.cpp; path = ../../Source/cmp_trace.cpp; sourceTree = SOURCE_ROOT; };
		6CB89F5636D72571A65860C6 /* juce_data_structures */ /* juce_data_structures */ = {isa = PBXFileReference; lastKnownFileType = folder; name = juce_data_structures; path = "~/JUCE/modules/juce_data_structures"; sourceTree = "<absolute>"; };
		6ED5E4065E941294D5272461 /* cmp_graph_line.h */ /* cmp_graph_line.h */ = {isa = PBXFileReference; lastKnownFileType = sourcecode.c.h; name = cmp_graph_line.h; path = ../../Source/cmp_graph_line.h; sourceTree = SOURCE_ROOT; };
		6F4576F7DF04882CA07F0C62 /* CoreGraphics.framework */ /* CoreGraphics.framework */ = {isa = PBXFileReference; lastKnownFileType = wrapper.framework; name = CoreGraphics.framework; path = System/Library/Frameworks/CoreGraphics.framework; sourceTree = SDKROOT; };
		7141F0CCFE975913A8D28BFE /* juce_audio_utils */ /* juce_audio_utils */ = {isa = PBXFileReference; lastKnownFileType = folder; name = juce_audio_utils; path = "~/JUCE/modules/juce_audio_utils"; sourceTree = "<absolute>"; };
		71E8BAFC23E365C965597329 /* juce_graphics */ /* juce_graphics */ = {isa = PBXFileReference; lastKnownFileType = folder; name = juce_graphics; path = "~/JUCE/modules/juce_graphics"; sourceTree = "<absolute>"; };
		781AEA24558CB50582053A51 /* include_juce_audio_utils.mm */ /* include_juce_audio_utils.mm */ = {isa = PBXFileReference; lastKnownFileType = sourcecode.cpp.objcpp; name = include_juce_audio_utils.mm; path = ../../JuceLibraryCode/include_juce_audio_utils.mm; sourceTree = SOURCE_ROOT; };
		7A3A2AAB342C022840349A05 /* juce_gui_basics */ /* juce_gui_basics */ = {isa = PBXFileReference; lastKnownFileType = folder; name = juce_gui_basics; path = "~/JUCE/modules/juce_gui_basics"; sourceTree = "<absolute>"; };
		7D533DA5D633BA8AA3C981AE /* juce_audio_formats */ /* juce_audio_formats */ = {isa = PBXFileReference; lastKnownFileType = folder; name = juce_audio_formats; path = "~/JUCE/modules/juce_audio_formats"; sourceTree = "<absolute>"; };
		83E19DE1B191E401845CB056 /* QuartzCore.framework */ /* QuartzCore.framework */ = {isa = PBXFileReference; lastKnownFileType = wrapper.framework; name = QuartzCore.framework; path = System/Library/Frameworks/QuartzCore.framework; sourceTree = SDKROOT; };
		84A46011AEA726F751F5717D /* CoreAudioKit.framework */ /* CoreAudioKit.framework */ = {isa = PBXFileReference; lastKnownFileType = wrapper.framework; name = CoreAudioKit.framework; path = System/Library/Frameworks/CoreAudioKit.framework; sourceTree = SDKROOT; };
		856F76DDA0FCFFB66DF3BABA /* PlotModule.h */ /* PlotModule.h */ = {isa = PBXFileReference; lastKnownFileType = sourcecode.c.h; name = PlotModule.h; path = ../../Source/PlotModule.h; sourceTree = SOURCE_ROOT; };
		88C0BE36CE7D396AE9922878 /* cmp_legend.cpp */ /* cmp_legend.cpp */ = {isa = PBXFileReference; lastKnownFileType = sourcecode.cpp.cpp; name = cmp_legend.cpp; path = ../../Source/cmp_legend.cpp; sourceTree = SOURCE_ROOT; };
		8C83B7BB3B2CB9BEC0363CC6 /* Info-App.plist */ /* Info-App.plist */ = {isa = PBXFileReference; lastKnownFileType = text.plist.xml; name = "Info-App.plist"; path = "Info-App.plist"; sourceTree = SOURCE_ROOT; };
		8F1E74D3A27013367458DC63 /* Utilities.h */ /* Utilities.h */ = {isa = PBXFileReference; lastKnownFileType = sourcecode.c.h; name = Utilities.h; path = ../../Source/Utilities.h; sourceTree = SOURCE_ROOT; };
		930BCC4849FBC2E75620E08E /* CoreAudio.framework */ /* CoreAudio.framework */ = {isa = PBXFileReference; lastKnownFileType = wrapper.framework; name = CoreAudio.framework; path = System/Library/Frameworks/CoreAudio.framework; sourceTree = SDKROOT; };
		946C2DE9E64E21E3D14CF9D8 /* include_juce_graphics.mm */ /* include_juce_graphics.mm */ = {isa = PBXFileReference; lastKnownFileType = sourcecode.cpp.objcpp; name = include_juce_graphics.mm; path = ../../JuceLibraryCode/include_juce_graphics.mm; sourceTree = SOURCE_ROOT; };
		97A65C4B592B3BE7610E23D1 /* AudioSettingsModule.h */ /* AudioSettingsModule.h */ = {isa = PBXFileReference; lastKnownFileType = sourcecode.c.h; name = AudioSettingsModule.h; path = ../../Source/AudioSettingsModule.h; sourceTree = SOURCE_ROOT; };
		9B7B4AC5492460A7D5B58095 /* juce_core */ /* juce_core */ = {isa = PBXFileReference; lastKnownFileType = folder; name = juce_core; path = "~/JUCE/modules/juce_core"; sourceTree = "<absolute>"; };
		9DB0A8597631E0CC265AADD2 /* PlotModule.cpp */ /* PlotModule.cpp */ = {isa = PBXFileReference; lastKnownFileType = sourcecode.cpp.cpp; name = PlotModule.cpp; path = ../../Source/PlotModule.cpp; sourceTree = SOURCE_ROOT; };
		A0156BFC8CEF81F7BC3AB6AB /* include_juce_core.mm */ /* include_juce_core.mm */ = {isa = PBXFileReference; lastKnownFileType = sourcecode.cpp.objcpp; name = include_juce_core.mm; path = ../../JuceLibraryCode/include_juce_core.mm; sourceTree = SOURCE_ROOT; };
		A386D6568FCC10E8679FD738 /* juce_events */ /* juce_events */ = {isa = PBXFileReference; lastKnownFileType = folder; name = juce_events; path = "~/JUCE/modules/juce_events"; sourceTree = "<absolute>"; };
		A460E622974E67DD8E0585A0 /* include_juce_audio_processors.mm */ /* include_juce_audio_processors.mm */ = {isa = PBXFileReference; lastKnownFileType = sourcecode.cpp.objcpp; name = include_juce_audio_processors.mm; path = ../../JuceLibraryCode/include_juce_audio_processors.mm; sourceTree = SOURCE_ROOT; };
		A8808258B7B4D9E3B80A1ACD /* AVFoundation.framework */ /* AVFoundation.framework */ = {isa = PBXFileReference; lastKnownFileType = wrapper.framework; name = AVFoundation.framework; path = System/Library/Frameworks/AVFoundation.framework; sourceTree = SDKROOT; };
		B29B945DBA0FDA042BB65404 /* include_juce_events.mm */ /* include_juce_events.mm */ = {isa = PBXFileReference; lastKnownFileType = sourcecode.cpp.objcpp; name = include_juce_events.mm; path = ../../JuceLibraryCode/include_juce_events.mm; sourceTree = SOURCE_ROOT; };
		B46B88439E26EC2C26145CDD /* UserNotifications.framework */ /* UserNotifications.framework */ = {isa = PBXFileReference; lastKnownFileType = wrapper.framework; name = UserNotifications.framework; path = System/Library/Frameworks/UserNotifications.framework; sourceTree = SDKROOT; };
		B817FEA401A284A829AE62B9 /* include_juce_audio_formats.mm */ /* include_juce_audio_formats.mm */ = {isa = PBXFileReference; lastKnownFileType = sourcecode.cpp.objcpp; name = include_juce_audio_formats.mm; path = ../../JuceLibraryCode/include_juce_audio_formats.mm; sourceTree = SOURCE_ROOT; };
		C0DDC0AC2054F9FC3ED86447 /* cmp_frame.h */ /* cmp_frame.h */ = {isa = PBXFileReference; lastKnownFileType = sourcecode.c.h; name = cmp_frame.h; path = ../../Source/cmp_frame.h; sourceTree = SOURCE_ROOT; };
		C15DF343D17308696BAF8F51 /* juce_audio_basics */ /* juce_audio_basics */ = {isa = PBXFileReference; lastKnownFileType = folder; name = juce_audio_basics; path = "~/JUCE/modules/juce_audio_basics"; sourceTree = "<absolute>"; };
		C32EA77149D4C16436426934 /* Metal.framework */ /* Metal.framework */ = {isa = PBXFileReference; lastKnownFileType = wrapper.framework; name = Metal.framework; path = System/Library/Frameworks/Metal.framework; sourceTree = SDKROOT; };
		C47230D88E27C6A864E4213D /* LaunchScreen.storyboard */ /* LaunchScreen.storyboard */ = {isa = PBXFileReference; lastKnownFileType = file.storyboard; name = LaunchScreen.storyboard; path = LaunchScreen.storyboard; sourceTree = SOURCE_ROOT; };
		C71F34F736E596C662F3F0F5 /* cmp_trace.h */ /* cmp_trace.h */ = {isa = PBXFileReference; lastKnownFileType = sourcecode.c.h; name = cmp_trace.h; path = ../../Source/cmp_trace.h; sourceTree = SOURCE_ROOT; };
		CC799694D2D63BDC183F6745 /* UIKit.framework */ /* UIKit.framework */ = {isa = PBXFileReference; lastKnownFileType = wrapper.framework; name = UIKit.framework; path = System/Library/Frameworks/UIKit.framework; sourceTree = SDKROOT; };
		CF9BD0E31CE9CEDF74FC0E25 /* cmp_lookandfeel.cpp */ /* cmp_lookandfeel.cpp */ = {isa = PBXFileReference; lastKnownFileType = sourcecode.cpp.cpp; name = cmp_lookandfeel.cpp; path = ../../Source/cmp_lookandfeel.cpp; sourceTree = SOURCE_ROOT; };
		D16530F8F2EB343C32109081 /* CoreText.framework */ /* CoreText.framework */ = {isa = PBXFileReference; lastKnownFileType = wrapper.framework; name = CoreText.framework; path = System/Library/Frameworks/CoreText.framework; sourceTree = SDKROOT; };
		D20701C1749C4A16F01AB9E6 /* include_juce_gui_basics.mm */ /* include_juce_gui_basics.mm */ = {isa = PBXFileReference; lastKnownFileType = sourcecode.cpp.objcpp; name = include_juce_gui_basics.mm; path = ../../JuceLibraryCode/include_juce_gui_basics.mm; sourceTree = SOURCE_ROOT; };
		D3D3723D78D8593EA1A857C9 /* cmp_grid.cpp */ /* cmp_grid.cpp */ = {isa = PBXFileReference; lastKnownFileType = sourcecode.cpp.cpp; name = cmp_grid.cpp; path = ../../Source/cmp_grid.cpp; sourceTree = SOURCE_ROOT; };
		D99E5B85310E24E0A54AB005 /* cmp_frame.cpp */ /* cmp_frame.cpp */ = {isa = PBXFileReference; lastKnownFileType = sourcecode.cpp.cpp; name = cmp_frame.cpp; path = ../../Source/cmp_frame.cpp; sourceTree = SOURCE_ROOT; };
		DE9EC28CBFF42EF15ABB9515 /* Images.xcassets */ /* Images.xcassets */ = {isa = PBXFileReference; lastKnownFileType = folder.assetcatalog; name = Images.xcassets; path = AudioAnalyzer/Images.xcassets; sourceTree = SOURCE_ROOT; };
		DEA2723BCFCA7828A7F02BD9 /* juce_gui_extra */ /* juce_gui_extra */ = {isa = PBXFileReference; lastKnownFileType = folder; name = juce_gui_extra; path = "~/JUCE/modules/juce_gui_extra"; sourceTree = "<absolute>"; };
		E14BBDBACDC3ED8D1E892A91 /* SoundProcessorModule.h */ /* SoundProcessorModule.h */ = {isa = PBXFileReference; lastKnownFileType = sourcecode.c.h; name = SoundProcessorModule.h; path = ../../Source/SoundProcessorModule.h; sourceTree = SOURCE_ROOT; };
		E32743BCB0246A7284C1A3BB /* cmp_graph_line.cpp */ /* cmp_graph_line.cpp */ = {isa = PBXFileReference; lastKnownFileType = sourcecode.cpp.cpp; name = cmp_graph_line.cpp; path = ../../Source/cmp_graph_line.cpp; sourceTree = SOURCE_ROOT; };
		E64DB86ECAA9CA472D15217F /* Foundation.framework */ /* Foundation.framework */ = {isa = PBXFileReference; lastKnownFileType = wrapper.framework; name = Foundation.framework; path = System/Library/Frameworks/Foundation.framework; sourceTree = SDKROOT; };
		EDD1DD582C9160CED839F423 /* juce_audio_devices */ /* juce_audio_devices */ = {isa = PBXFileReference; lastKnownFileType = folder; name = juce_audio_devices; path = "~/JUCE/modules/juce_audio_devices"; sourceTree = "<absolute>"; };
		EE59BF1B0E47C0579F1E4899 /* cmp_downsampler.cpp */ /* cmp_downsampler.cpp */ = {isa = PBXFileReference; lastKnownFileType = sourcecode.cpp.cpp; name = cmp_downsampler.cpp; path = ../../Source/cmp_downsampler.cpp; sourceTree = SOURCE_ROOT; };
		F800748F48D09FFCF38B69C4 /* AudioToolbox.framework */ /* AudioToolbox.framework */ = {isa = PBXFileReference; lastKnownFileType = wrapper.framework; name = AudioToolbox.framework; path = System/Library/Frameworks/AudioToolbox.framework; sourceTree = SDKROOT; };
		FCEA0228C2C24F009C8C3FDC /* include_juce_audio_processors_lv2_libs.cpp */ /* include_juce_audio_processors_lv2_libs.cpp */ = {isa = PBXFileReference; lastKnownFileType = sourcecode.cpp.cpp; name = include_juce_audio_processors_lv2_libs.cpp; path = ../../JuceLibraryCode/include_juce_audio_processors_lv2_libs.cpp; sourceTree = SOURCE_ROOT; };
		FF54F4B54A9545063548CAA8 /* juce_audio_processors */ /* juce_audio_processors */ = {isa = PBXFileReference; lastKnownFileType = folder; name = juce_audio_processors; path = "~/JUCE/modules/juce_audio_processors"; sourceTree = "<absolute>"; };
/* End PBXFileReference section */

/* Begin PBXFrameworksBuildPhase section */
		AA926778FEC8295AB6089947 = {
			isa = PBXFrameworksBuildPhase;
			buildActionMask = 2147483647;
			files = (
				4C35A10ED590E2403381D84B,
				6FC2F03760CB4D7D7608F491,
				362AB1C094785FC22E2C10F3,
				8B9DA5D21DF0507ABEAECE6F,
				F65249FB1D515C5E89906F07,
				437172D22D872CFA01DA003B,
				40164FB75A2FFEF2FC523C8F,
				59A1AF6B19298915AC69E08A,
				EB3705D17BC2780A23DCE688,
				744331A6CD820F7EAB6A58D1,
				E7E2E63BA3FA401B3A45EE84,
				58C0369788EB174BF5FE6838,
				0027A1FB3724D44234BE2822,
				5D81E4668F359A954034FA27,
				064AEC1ECCF063425044120A,
				587F6AB01338EEEF5856B69D,
				44817DAC32580C668E559C46,
			);
			runOnlyForDeploymentPostprocessing = 0;
		};
/* End PBXFrameworksBuildPhase section */

/* Begin PBXGroup section */
		7E98CA2D0B49140AD7673203 /* cmp_plot_source */ = {
			isa = PBXGroup;
			children = (
				4740477F31C83594E4A4FD26,
				EE59BF1B0E47C0579F1E4899,
				06FBD50FFD609B219ACBFA02,
				D99E5B85310E24E0A54AB005,
				C0DDC0AC2054F9FC3ED86447,
				36F4F56004E7C096FBC546FE,
				11216B5E3EB6ECDAF0A17011,
				E32743BCB0246A7284C1A3BB,
				6ED5E4065E941294D5272461,
				D3D3723D78D8593EA1A857C9,
				35E950EA8A13E4F5E2EAC46C,
				3777F08B0EF8D4A3C8EF82B0,
				3916F85AC8B00CA49B36218C,
				88C0BE36CE7D396AE9922878,
				3DC0B4543FC79FCF54F43478,
				CF9BD0E31CE9CEDF74FC0E25,
				196C799FFE783F2BBEA8F6E3,
				2144D751B3A4EDB62BB628A7,
				31EFC1841B17D27F7D6C1E7B,
				6929E5D8CFBBB1C1B9FF6851,
				C71F34F736E596C662F3F0F5,
				2500C1BA32113DCB23091C0C,
				41FF8B5B04BF5F0E2BD5418A,
				0E63EC310BB28869E402959F,
				1800FB68DEBB290140DFC0DD,
			);
			name = cmp_plot_source;
			sourceTree = "<group>";
		};
		8069E10C6CC649349E5F9C82 /* Source */ = {
			isa = PBXGroup;
			children = (
				E7920F60EAFC63DE52671B98,
				C3983906F009E13F0C15EEDB,
				F148F873806FE1CD48B59AD2,
				FBA8F93A74D4CEB42231B173,
				F86AC57C456A7573991CF045,
				D54DB5F8DC55FBE99DEA0EEB,
			);
			name = Source;
			sourceTree = "<group>";
		};
		B1F8B397DE7AF0F9B5627F5A /* Source */ = {
			isa = PBXGroup;
			children = (
				7E98CA2D0B49140AD7673203,
				97A65C4B592B3BE7610E23D1,
				50D3B2DBEBC4D762C444DE4B,
				5E9F55A6DB07575E238DC68E,
				42B82D20F91B2679F9D673DC,
				9DB0A8597631E0CC265AADD2,
				856F76DDA0FCFFB66DF3BABA,
				15E26AB519BF8B807C2920A8,
				E14BBDBACDC3ED8D1E892A91,
				8F1E74D3A27013367458DC63,
			);
			name = Source;
			sourceTree = "<group>";
		};
		C3983906F009E13F0C15EEDB /* JUCE Modules */ = {
			isa = PBXGroup;
			children = (
				C15DF343D17308696BAF8F51,
				EDD1DD582C9160CED839F423,
				7D533DA5D633BA8AA3C981AE,
				FF54F4B54A9545063548CAA8,
				7141F0CCFE975913A8D28BFE,
				9B7B4AC5492460A7D5B58095,
				6CB89F5636D72571A65860C6,
				A386D6568FCC10E8679FD738,
				71E8BAFC23E365C965597329,
				7A3A2AAB342C022840349A05,
				DEA2723BCFCA7828A7F02BD9,
			);
			name = "JUCE Modules";
			sourceTree = "<group>";
		};
		D54DB5F8DC55FBE99DEA0EEB /* Products */ = {
			isa = PBXGroup;
			children = (
				1EC62940DD95CEA69CB97657,
			);
			name = Products;
			sourceTree = "<group>";
		};
		E7920F60EAFC63DE52671B98 /* AudioAnalyzer */ = {
			isa = PBXGroup;
			children = (
				B1F8B397DE7AF0F9B5627F5A,
			);
			name = AudioAnalyzer;
			sourceTree = "<group>";
		};
		F148F873806FE1CD48B59AD2 /* JUCE Library Code */ = {
			isa = PBXGroup;
			children = (
				257DF5B0F588E291BBED20C8,
				4757770FE3CBAD750DAB7C4A,
				B817FEA401A284A829AE62B9,
				A460E622974E67DD8E0585A0,
				349032DBD43C28F182DE277D,
				FCEA0228C2C24F009C8C3FDC,
				781AEA24558CB50582053A51,
				A0156BFC8CEF81F7BC3AB6AB,
				3C5676D0F87D322CC8B534AC,
				B29B945DBA0FDA042BB65404,
				946C2DE9E64E21E3D14CF9D8,
				D20701C1749C4A16F01AB9E6,
				3BAF2DCB96EB8EB6E29398AE,
				1799469BB38E82321C7D00AF,
			);
			name = "JUCE Library Code";
			sourceTree = "<group>";
		};
		F86AC57C456A7573991CF045 /* Frameworks */ = {
			isa = PBXGroup;
			children = (
				5156AFE0E879A53483250765,
				F800748F48D09FFCF38B69C4,
				A8808258B7B4D9E3B80A1ACD,
				930BCC4849FBC2E75620E08E,
				84A46011AEA726F751F5717D,
				6F4576F7DF04882CA07F0C62,
				1F6DEBA3D334C921019196E9,
				2D3DBFF266CEA49CA181D752,
				42C59B3E1ED2106615882898,
				D16530F8F2EB343C32109081,
				E64DB86ECAA9CA472D15217F,
				83E19DE1B191E401845CB056,
				CC799694D2D63BDC183F6745,
				4563594DD7973E62C6A8699D,
				C32EA77149D4C16436426934,
				4317292D12A733D003C2C8E3,
				B46B88439E26EC2C26145CDD,
			);
			name = Frameworks;
			sourceTree = "<group>";
		};
		FBA8F93A74D4CEB42231B173 /* Resources */ = {
			isa = PBXGroup;
			children = (
				8C83B7BB3B2CB9BEC0363CC6,
				DE9EC28CBFF42EF15ABB9515,
				C47230D88E27C6A864E4213D,
			);
			name = Resources;
			sourceTree = "<group>";
		};
/* End PBXGroup section */

/* Begin PBXNativeTarget section */
		42BD2FECC9E0B5877C815B09 /* AudioAnalyzer - App */ = {
			isa = PBXNativeTarget;
			buildConfigurationList = BA1ACF331D09090B10B22056;
			buildPhases = (
				9FB929BB2DA59CC7C6530387,
				8FFF1BB15AE613A72DE73C3A,
				AA926778FEC8295AB6089947,
			);
			buildRules = (
			);
			dependencies = (
			);
			name = "AudioAnalyzer - App";
			productName = AudioAnalyzer;
			productReference = 1EC62940DD95CEA69CB97657;
			productType = "com.apple.product-type.application";
		};
/* End PBXNativeTarget section */

/* Begin PBXProject section */
		DE5FA0A9D164D0D5820FEC1B = {
			isa = PBXProject;
			attributes = {
				BuildIndependentTargetsInParallel = YES;
				LastUpgradeCheck = 1340;
				ORGANIZATIONNAME = "";
				TargetAttributes = {
					42BD2FECC9E0B5877C815B09 = {
						SystemCapabilities = {
							com.apple.ApplicationGroups.iOS = {
								enabled = 0;
							};
							com.apple.HardenedRuntime = {
								enabled = 0;
							};
							com.apple.InAppPurchase = {
								enabled = 0;
							};
							com.apple.InterAppAudio = {
								enabled = 0;
							};
							com.apple.Push = {
								enabled = 0;
							};
							com.apple.Sandbox = {
								enabled = 0;
							};
						};
					};
				};
			};
			buildConfigurationList = AAC1F9167B763593411B8C52;
			compatibilityVersion = "Xcode 3.2";
			hasScannedForEncodings = 0;
			knownRegions = (
				en,
				Base,
			);
			mainGroup = 8069E10C6CC649349E5F9C82;
			projectDirPath = "";
			projectRoot = "";
			targets = (
				42BD2FECC9E0B5877C815B09,
			);
		};
/* End PBXProject section */

/* Begin PBXResourcesBuildPhase section */
		9FB929BB2DA59CC7C6530387 = {
			isa = PBXResourcesBuildPhase;
			buildActionMask = 2147483647;
			files = (
				2BA852EA5DC1933CC5078C1B,
				F61E63D0D98E6E074A4C9247,
			);
			runOnlyForDeploymentPostprocessing = 0;
		};
/* End PBXResourcesBuildPhase section */

/* Begin PBXSourcesBuildPhase section */
		8FFF1BB15AE613A72DE73C3A = {
			isa = PBXSourcesBuildPhase;
			buildActionMask = 2147483647;
			files = (
				0F3657058990FE719A35DF64,
				039C1DED77B09FDAA117CB31,
				8AB69328F68C9E218D122ED7,
				7E4C7FC0959FC9E2CB745D42,
				B997916396E4CB72DEC3F313,
				8EE10015FC39341BFF570359,
				BBF8F357D32D8D392574B780,
				FAF9BA379F5945CAB81C1D34,
				57DB922143FF08F3239DE63A,
				A9CB5547AE07FD5090D4F978,
				84E851A40E2809A47EB0FA86,
				3215A3A74BF043330C9646A0,
				C0598ACC9C3CCA966C5B1226,
				4DCDDC66EF5058C5980556A9,
				700B86B609C5EAA527BD7ED1,
				59786E74C809F44ECEF4F471,
				250A73960EA45AF52E00F758,
				247ADA14D13FEAA50F4B8939,
				86F57AA972C12D6164FC6916,
				C0266C70A7B169ED278C9072,
				8720688F2E02628131AEA619,
				2AF3C1EBBC8FBCC42973F670,
				BC9BE136ED3569603042210D,
				A4032E744816BBC741E301C8,
				6F3B3123E13CD8E358042B9A,
				F261EA35741858AC6AF44648,
				0D34563965F7896CAA59E46B,
			);
			runOnlyForDeploymentPostprocessing = 0;
		};
/* End PBXSourcesBuildPhase section */

/* Begin XCBuildConfiguration section */
		1F29827585916EC4E8805229 /* Debug */ = {
			isa = XCBuildConfiguration;
			buildSettings = {
				ALWAYS_SEARCH_USER_PATHS = NO;
				CLANG_ENABLE_OBJC_WEAK = YES;
				CLANG_WARN_BLOCK_CAPTURE_AUTORELEASING = YES;
				CLANG_WARN_BOOL_CONVERSION = YES;
				CLANG_WARN_COMMA = YES;
				CLANG_WARN_CONSTANT_CONVERSION = YES;
				CLANG_WARN_DEPRECATED_OBJC_IMPLEMENTATIONS = YES;
				CLANG_WARN_EMPTY_BODY = YES;
				CLANG_WARN_ENUM_CONVERSION = YES;
				CLANG_WARN_INFINITE_RECURSION = YES;
				CLANG_WARN_INT_CONVERSION = YES;
				CLANG_WARN_NON_LITERAL_NULL_CONVERSION = YES;
				CLANG_WARN_OBJC_IMPLICIT_RETAIN_SELF = YES;
				CLANG_WARN_OBJC_LITERAL_CONVERSION = YES;
				CLANG_WARN_RANGE_LOOP_ANALYSIS = YES;
				CLANG_WARN_STRICT_PROTOTYPES = YES;
				CLANG_WARN_SUSPICIOUS_MOVE = YES;
				CLANG_WARN_UNREACHABLE_CODE = YES;
				CLANG_WARN__DUPLICATE_METHOD_MATCH = YES;
				DEBUG_INFORMATION_FORMAT = dwarf;
				ENABLE_STRICT_OBJC_MSGSEND = YES;
				ENABLE_TESTABILITY = NO;
				GCC_C_LANGUAGE_STANDARD = c11;
				GCC_INLINES_ARE_PRIVATE_EXTERN = YES;
				GCC_MODEL_TUNING = G5;
				GCC_NO_COMMON_BLOCKS = YES;
				GCC_SYMBOLS_PRIVATE_EXTERN = YES;
				GCC_WARN_64_TO_32_BIT_CONVERSION = YES;
				GCC_WARN_ABOUT_RETURN_TYPE = YES;
				GCC_WARN_CHECK_SWITCH_STATEMENTS = YES;
				GCC_WARN_MISSING_PARENTHESES = YES;
				GCC_WARN_NON_VIRTUAL_DESTRUCTOR = YES;
				GCC_WARN_TYPECHECK_CALLS_TO_PRINTF = YES;
				GCC_WARN_UNDECLARED_SELECTOR = YES;
				GCC_WARN_UNINITIALIZED_AUTOS = YES;
				GCC_WARN_UNUSED_FUNCTION = YES;
				GCC_WARN_UNUSED_VARIABLE = YES;
				IPHONEOS_DEPLOYMENT_TARGET = 12.0;
				ONLY_ACTIVE_ARCH = YES;
				PRODUCT_NAME = "AudioAnalyzer";
				SDKROOT = iphoneos;
				TARGETED_DEVICE_FAMILY = "1,2";
				WARNING_CFLAGS = "-Wreorder";
				ZERO_LINK = NO;
			};
			name = Debug;
		};
		7336CD8C2645D3AAB205CCA8 /* Release */ = {
			isa = XCBuildConfiguration;
			buildSettings = {
				ALWAYS_SEARCH_USER_PATHS = NO;
				CLANG_ENABLE_OBJC_WEAK = YES;
				CLANG_WARN_BLOCK_CAPTURE_AUTORELEASING = YES;
				CLANG_WARN_BOOL_CONVERSION = YES;
				CLANG_WARN_COMMA = YES;
				CLANG_WARN_CONSTANT_CONVERSION = YES;
				CLANG_WARN_DEPRECATED_OBJC_IMPLEMENTATIONS = YES;
				CLANG_WARN_EMPTY_BODY = YES;
				CLANG_WARN_ENUM_CONVERSION = YES;
				CLANG_WARN_INFINITE_RECURSION = YES;
				CLANG_WARN_INT_CONVERSION = YES;
				CLANG_WARN_NON_LITERAL_NULL_CONVERSION = YES;
				CLANG_WARN_OBJC_IMPLICIT_RETAIN_SELF = YES;
				CLANG_WARN_OBJC_LITERAL_CONVERSION = YES;
				CLANG_WARN_RANGE_LOOP_ANALYSIS = YES;
				CLANG_WARN_STRICT_PROTOTYPES = YES;
				CLANG_WARN_SUSPICIOUS_MOVE = YES;
				CLANG_WARN_UNREACHABLE_CODE = YES;
				CLANG_WARN__DUPLICATE_METHOD_MATCH = YES;
				DEBUG_INFORMATION_FORMAT = dwarf;
				ENABLE_STRICT_OBJC_MSGSEND = YES;
				ENABLE_TESTABILITY = NO;
				GCC_C_LANGUAGE_STANDARD = c11;
				GCC_INLINES_ARE_PRIVATE_EXTERN = YES;
				GCC_MODEL_TUNING = G5;
				GCC_NO_COMMON_BLOCKS = YES;
				GCC_SYMBOLS_PRIVATE_EXTERN = YES;
				GCC_WARN_64_TO_32_BIT_CONVERSION = YES;
				GCC_WARN_ABOUT_RETURN_TYPE = YES;
				GCC_WARN_CHECK_SWITCH_STATEMENTS = YES;
				GCC_WARN_MISSING_PARENTHESES = YES;
				GCC_WARN_NON_VIRTUAL_DESTRUCTOR = YES;
				GCC_WARN_TYPECHECK_CALLS_TO_PRINTF = YES;
				GCC_WARN_UNDECLARED_SELECTOR = YES;
				GCC_WARN_UNINITIALIZED_AUTOS = YES;
				GCC_WARN_UNUSED_FUNCTION = YES;
				GCC_WARN_UNUSED_VARIABLE = YES;
				IPHONEOS_DEPLOYMENT_TARGET = 12.0;
				PRODUCT_NAME = "AudioAnalyzer";
				SDKROOT = iphoneos;
				TARGETED_DEVICE_FAMILY = "1,2";
				WARNING_CFLAGS = "-Wreorder";
				ZERO_LINK = NO;
			};
			name = Release;
		};
		ABD618BE96AB5A7B4B19F4F0 /* Release */ = {
			isa = XCBuildConfiguration;
			buildSettings = {
				ASSETCATALOG_COMPILER_APPICON_NAME = AppIcon;
				CLANG_CXX_LANGUAGE_STANDARD = "c++20";
				CLANG_CXX_LIBRARY = "libc++";
				CLANG_LINK_OBJC_RUNTIME = NO;
				COMBINE_HIDPI_IMAGES = YES;
				CONFIGURATION_BUILD_DIR = "$(PROJECT_DIR)/build/$(CONFIGURATION)";
				DEAD_CODE_STRIPPING = YES;
				GCC_GENERATE_DEBUGGING_SYMBOLS = NO;
				GCC_OPTIMIZATION_LEVEL = 3;
				GCC_PREPROCESSOR_DEFINITIONS = (
					"_NDEBUG=1",
					"NDEBUG=1",
					"JUCE_CONTENT_SHARING=1",
					"JUCE_DISPLAY_SPLASH_SCREEN=1",
					"JUCE_USE_DARK_SPLASH_SCREEN=1",
					"JUCE_PROJUCER_VERSION=0x70009",
					"JUCE_MODULE_AVAILABLE_juce_audio_basics=1",
					"JUCE_MODULE_AVAILABLE_juce_audio_devices=1",
					"JUCE_MODULE_AVAILABLE_juce_audio_formats=1",
					"JUCE_MODULE_AVAILABLE_juce_audio_processors=1",
					"JUCE_MODULE_AVAILABLE_juce_audio_utils=1",
					"JUCE_MODULE_AVAILABLE_juce_core=1",
					"JUCE_MODULE_AVAILABLE_juce_data_structures=1",
					"JUCE_MODULE_AVAILABLE_juce_events=1",
					"JUCE_MODULE_AVAILABLE_juce_graphics=1",
					"JUCE_MODULE_AVAILABLE_juce_gui_basics=1",
					"JUCE_MODULE_AVAILABLE_juce_gui_extra=1",
					"JUCE_GLOBAL_MODULE_SETTINGS_INCLUDED=1",
					"JUCE_STRICT_REFCOUNTEDPOINTER=1",
					"JUCE_STANDALONE_APPLICATION=1",
					"JUCER_XCODE_IPHONE_5BC26AE3=1",
					"JUCE_APP_VERSION=1.0.0",
					"JUCE_APP_VERSION_HEX=0x10000",
					"JucePlugin_Build_VST=0",
					"JucePlugin_Build_VST3=0",
					"JucePlugin_Build_AU=0",
					"JucePlugin_Build_AUv3=0",
					"JucePlugin_Build_AAX=0",
					"JucePlugin_Build_Standalone=0",
					"JucePlugin_Build_Unity=0",
					"JucePlugin_Build_LV2=0",
				);
				GCC_VERSION = com.apple.compilers.llvm.clang.1_0;
				HEADER_SEARCH_PATHS = (
					"$(SRCROOT)/../../JuceLibraryCode",
					"$(HOME)/JUCE/modules",
					"$(inherited)",
				);
				INFOPLIST_FILE = Info-App.plist;
				INFOPLIST_PREPROCESS = NO;
				INSTALL_PATH = "$(HOME)/Applications";
				LLVM_LTO = YES;
				MTL_HEADER_SEARCH_PATHS = "$(SRCROOT)/../../JuceLibraryCode $(HOME)/JUCE/modules";
				PRODUCT_BUNDLE_IDENTIFIER = dk.eksit.AudioAnalyzer;
				PRODUCT_NAME = "AudioAnalyzer";
				USE_HEADERMAP = NO;
			};
			name = Release;
		};
		B640A7D3D43A4B3D7C55DBC8 /* Debug */ = {
			isa = XCBuildConfiguration;
			buildSettings = {
				ASSETCATALOG_COMPILER_APPICON_NAME = AppIcon;
				CLANG_CXX_LANGUAGE_STANDARD = "c++20";
				CLANG_CXX_LIBRARY = "libc++";
				CLANG_LINK_OBJC_RUNTIME = NO;
				COMBINE_HIDPI_IMAGES = YES;
				CONFIGURATION_BUILD_DIR = "$(PROJECT_DIR)/build/$(CONFIGURATION)";
				COPY_PHASE_STRIP = NO;
				GCC_DYNAMIC_NO_PIC = NO;
				GCC_OPTIMIZATION_LEVEL = 0;
				GCC_PREPROCESSOR_DEFINITIONS = (
					"_DEBUG=1",
					"DEBUG=1",
					"JUCE_CONTENT_SHARING=1",
					"JUCE_DISPLAY_SPLASH_SCREEN=1",
					"JUCE_USE_DARK_SPLASH_SCREEN=1",
					"JUCE_PROJUCER_VERSION=0x70009",
					"JUCE_MODULE_AVAILABLE_juce_audio_basics=1",
					"JUCE_MODULE_AVAILABLE_juce_audio_devices=1",
					"JUCE_MODULE_AVAILABLE_juce_audio_formats=1",
					"JUCE_MODULE_AVAILABLE_juce_audio_processors=1",
					"JUCE_MODULE_AVAILABLE_juce_audio_utils=1",
					"JUCE_MODULE_AVAILABLE_juce_core=1",
					"JUCE_MODULE_AVAILABLE_juce_data_structures=1",
					"JUCE_MODULE_AVAILABLE_juce_events=1",
					"JUCE_MODULE_AVAILABLE_juce_graphics=1",
					"JUCE_MODULE_AVAILABLE_juce_gui_basics=1",
					"JUCE_MODULE_AVAILABLE_juce_gui_extra=1",
					"JUCE_GLOBAL_MODULE_SETTINGS_INCLUDED=1",
					"JUCE_STRICT_REFCOUNTEDPOINTER=1",
					"JUCE_STANDALONE_APPLICATION=1",
					"JUCER_XCODE_IPHONE_5BC26AE3=1",
					"JUCE_APP_VERSION=1.0.0",
					"JUCE_APP_VERSION_HEX=0x10000",
					"JucePlugin_Build_VST=0",
					"JucePlugin_Build_VST3=0",
					"JucePlugin_Build_AU=0",
					"JucePlugin_Build_AUv3=0",
					"JucePlugin_Build_AAX=0",
					"JucePlugin_Build_Standalone=0",
					"JucePlugin_Build_Unity=0",
					"JucePlugin_Build_LV2=0",
				);
				GCC_VERSION = com.apple.compilers.llvm.clang.1_0;
				HEADER_SEARCH_PATHS = (
					"$(SRCROOT)/../../JuceLibraryCode",
					"$(HOME)/JUCE/modules",
					"$(inherited)",
				);
				INFOPLIST_FILE = Info-App.plist;
				INFOPLIST_PREPROCESS = NO;
				INSTALL_PATH = "$(HOME)/Applications";
				MTL_HEADER_SEARCH_PATHS = "$(SRCROOT)/../../JuceLibraryCode $(HOME)/JUCE/modules";
				PRODUCT_BUNDLE_IDENTIFIER = dk.eksit.AudioAnalyzer;
				PRODUCT_NAME = "AudioAnalyzer";
				USE_HEADERMAP = NO;
			};
			name = Debug;
		};
/* End XCBuildConfiguration section */

/* Begin XCConfigurationList section */
		AAC1F9167B763593411B8C52 = {
			isa = XCConfigurationList;
			buildConfigurations = (
				1F29827585916EC4E8805229,
				7336CD8C2645D3AAB205CCA8,
			);
			defaultConfigurationIsVisible = 0;
			defaultConfigurationName = Debug;
		};
		BA1ACF331D09090B10B22056 = {
			isa = XCConfigurationList;
			buildConfigurations = (
				B640A7D3D43A4B3D7C55DBC8,
				ABD618BE96AB5A7B4B19F4F0,
			);
			defaultConfigurationIsVisible = 0;
			defaultConfigurationName = Debug;
		};
/* End XCConfigurationList section */
	};
	rootObject = DE5FA0A9D164D0D5820FEC1B /* Project object */;
}
